// !$*UTF8*$!
{
	archiveVersion = 1;
	classes = {
	};
	objectVersion = 46;
	objects = {

/* Begin PBXBuildFile section */
		5F6864FA1CEE7E3F006497EE /* AppDelegate.swift in Sources */ = {isa = PBXBuildFile; fileRef = 5F6864F91CEE7E3F006497EE /* AppDelegate.swift */; };
		5F6864FC1CEE7E3F006497EE /* ViewController.swift in Sources */ = {isa = PBXBuildFile; fileRef = 5F6864FB1CEE7E3F006497EE /* ViewController.swift */; };
		5F6864FF1CEE7E3F006497EE /* Main.storyboard in Resources */ = {isa = PBXBuildFile; fileRef = 5F6864FD1CEE7E3F006497EE /* Main.storyboard */; };
		5F6865011CEE7E3F006497EE /* Assets.xcassets in Resources */ = {isa = PBXBuildFile; fileRef = 5F6865001CEE7E3F006497EE /* Assets.xcassets */; };
		5F6865041CEE7E3F006497EE /* LaunchScreen.storyboard in Resources */ = {isa = PBXBuildFile; fileRef = 5F6865021CEE7E3F006497EE /* LaunchScreen.storyboard */; };
/* End PBXBuildFile section */

/* Begin PBXFileReference section */
		5F6864F61CEE7E3F006497EE /* Cool App.app */ = {isa = PBXFileReference; explicitFileType = wrapper.application; includeInIndex = 0; path = "Cool App.app"; sourceTree = BUILT_PRODUCTS_DIR; };
		5F6864F91CEE7E3F006497EE /* AppDelegate.swift */ = {isa = PBXFileReference; lastKnownFileType = sourcecode.swift; path = AppDelegate.swift; sourceTree = "<group>"; };
		5F6864FB1CEE7E3F006497EE /* ViewController.swift */ = {isa = PBXFileReference; lastKnownFileType = sourcecode.swift; path = ViewController.swift; sourceTree = "<group>"; };
		5F6864FE1CEE7E3F006497EE /* Base */ = {isa = PBXFileReference; lastKnownFileType = file.storyboard; name = Base; path = Base.lproj/Main.storyboard; sourceTree = "<group>"; };
		5F6865001CEE7E3F006497EE /* Assets.xcassets */ = {isa = PBXFileReference; lastKnownFileType = folder.assetcatalog; path = Assets.xcassets; sourceTree = "<group>"; };
		5F6865031CEE7E3F006497EE /* Base */ = {isa = PBXFileReference; lastKnownFileType = file.storyboard; name = Base; path = Base.lproj/LaunchScreen.storyboard; sourceTree = "<group>"; };
		5F6865051CEE7E3F006497EE /* Info.plist */ = {isa = PBXFileReference; lastKnownFileType = text.plist.xml; path = Info.plist; sourceTree = "<group>"; };
/* End PBXFileReference section */

/* Begin PBXFrameworksBuildPhase section */
		5F6864F31CEE7E3F006497EE /* Frameworks */ = {
			isa = PBXFrameworksBuildPhase;
			buildActionMask = 2147483647;
			files = (
			);
			runOnlyForDeploymentPostprocessing = 0;
		};
/* End PBXFrameworksBuildPhase section */

/* Begin PBXGroup section */
		5F6864ED1CEE7E3F006497EE = {
			isa = PBXGroup;
			children = (
				5F6864F81CEE7E3F006497EE /* Cool App */,
				5F6864F71CEE7E3F006497EE /* Products */,
			);
			sourceTree = "<group>";
		};
		5F6864F71CEE7E3F006497EE /* Products */ = {
			isa = PBXGroup;
			children = (
				5F6864F61CEE7E3F006497EE /* Cool App.app */,
			);
			name = Products;
			sourceTree = "<group>";
		};
		5F6864F81CEE7E3F006497EE /* Cool App */ = {
			isa = PBXGroup;
			children = (
				5F6864F91CEE7E3F006497EE /* AppDelegate.swift */,
				5F6864FB1CEE7E3F006497EE /* ViewController.swift */,
				5F6864FD1CEE7E3F006497EE /* Main.storyboard */,
				5F6865001CEE7E3F006497EE /* Assets.xcassets */,
				5F6865021CEE7E3F006497EE /* LaunchScreen.storyboard */,
				5F6865051CEE7E3F006497EE /* Info.plist */,
			);
			path = "Cool App";
			sourceTree = "<group>";
		};
/* End PBXGroup section */

/* Begin PBXNativeTarget section */
		5F6864F51CEE7E3F006497EE /* Cool App */ = {
			isa = PBXNativeTarget;
			buildConfigurationList = 5F6865081CEE7E3F006497EE /* Build configuration list for PBXNativeTarget "Cool App" */;
			buildPhases = (
				5F6864F21CEE7E3F006497EE /* Sources */,
				5F6864F31CEE7E3F006497EE /* Frameworks */,
				5F6864F41CEE7E3F006497EE /* Resources */,
			);
			buildRules = (
			);
			dependencies = (
			);
			name = "Cool App";
			productName = "Cool App";
			productReference = 5F6864F61CEE7E3F006497EE /* Cool App.app */;
			productType = "com.apple.product-type.application";
		};
/* End PBXNativeTarget section */

/* Begin PBXProject section */
		5F6864EE1CEE7E3F006497EE /* Project object */ = {
			isa = PBXProject;
			attributes = {
				LastSwiftUpdateCheck = 0730;
				LastUpgradeCheck = 0730;
				ORGANIZATIONNAME = SergeApps;
				TargetAttributes = {
					5F6864F51CEE7E3F006497EE = {
						CreatedOnToolsVersion = 7.3.1;
					};
				};
			};
			buildConfigurationList = 5F6864F11CEE7E3F006497EE /* Build configuration list for PBXProject "Cool App" */;
			compatibilityVersion = "Xcode 3.2";
			developmentRegion = English;
			hasScannedForEncodings = 0;
			knownRegions = (
				en,
				Base,
			);
			mainGroup = 5F6864ED1CEE7E3F006497EE;
			productRefGroup = 5F6864F71CEE7E3F006497EE /* Products */;
			projectDirPath = "";
			projectRoot = "";
			targets = (
				5F6864F51CEE7E3F006497EE /* Cool App */,
			);
		};
/* End PBXProject section */

/* Begin PBXResourcesBuildPhase section */
		5F6864F41CEE7E3F006497EE /* Resources */ = {
			isa = PBXResourcesBuildPhase;
			buildActionMask = 2147483647;
			files = (
				5F6865041CEE7E3F006497EE /* LaunchScreen.storyboard in Resources */,
				5F6865011CEE7E3F006497EE /* Assets.xcassets in Resources */,
				5F6864FF1CEE7E3F006497EE /* Main.storyboard in Resources */,
			);
			runOnlyForDeploymentPostprocessing = 0;
		};
/* End PBXResourcesBuildPhase section */

/* Begin PBXSourcesBuildPhase section */
		5F6864F21CEE7E3F006497EE /* Sources */ = {
			isa = PBXSourcesBuildPhase;
			buildActionMask = 2147483647;
			files = (
				5F6864FC1CEE7E3F006497EE /* ViewController.swift in Sources */,
				5F6864FA1CEE7E3F006497EE /* AppDelegate.swift in Sources */,
			);
			runOnlyForDeploymentPostprocessing = 0;
		};
/* End PBXSourcesBuildPhase section */

/* Begin PBXVariantGroup section */
		5F6864FD1CEE7E3F006497EE /* Main.storyboard */ = {
			isa = PBXVariantGroup;
			children = (
				5F6864FE1CEE7E3F006497EE /* Base */,
			);
			name = Main.storyboard;
			sourceTree = "<group>";
		};
		5F6865021CEE7E3F006497EE /* LaunchScreen.storyboard */ = {
			isa = PBXVariantGroup;
			children = (
				5F6865031CEE7E3F006497EE /* Base */,
			);
			name = LaunchScreen.storyboard;
			sourceTree = "<group>";
		};
/* End PBXVariantGroup section */

/* Begin XCBuildConfiguration section */
		5F6865061CEE7E3F006497EE /* Debug */ = {
			isa = XCBuildConfiguration;
			buildSettings = {
				ALWAYS_SEARCH_USER_PATHS = NO;
				CLANG_ANALYZER_NONNULL = YES;
				CLANG_CXX_LANGUAGE_STANDARD = "gnu++0x";
				CLANG_CXX_LIBRARY = "libc++";
				CLANG_ENABLE_MODULES = YES;
				CLANG_ENABLE_OBJC_ARC = YES;
				CLANG_WARN_BOOL_CONVERSION = YES;
				CLANG_WARN_CONSTANT_CONVERSION = YES;
				CLANG_WARN_DIRECT_OBJC_ISA_USAGE = YES_ERROR;
				CLANG_WARN_EMPTY_BODY = YES;
				CLANG_WARN_ENUM_CONVERSION = YES;
				CLANG_WARN_INT_CONVERSION = YES;
				CLANG_WARN_OBJC_ROOT_CLASS = YES_ERROR;
				CLANG_WARN_UNREACHABLE_CODE = YES;
				CLANG_WARN__DUPLICATE_METHOD_MATCH = YES;
				"CODE_SIGN_IDENTITY[sdk=iphoneos*]" = "iPhone Developer";
				COPY_PHASE_STRIP = NO;
				DEBUG_INFORMATION_FORMAT = dwarf;
				ENABLE_STRICT_OBJC_MSGSEND = YES;
				ENABLE_TESTABILITY = YES;
				GCC_C_LANGUAGE_STANDARD = gnu99;
				GCC_DYNAMIC_NO_PIC = NO;
				GCC_NO_COMMON_BLOCKS = YES;
				GCC_OPTIMIZATION_LEVEL = 0;
				GCC_PREPROCESSOR_DEFINITIONS = (
					"DEBUG=1",
					"$(inherited)",
				);
				GCC_WARN_64_TO_32_BIT_CONVERSION = YES;
				GCC_WARN_ABOUT_RETURN_TYPE = YES_ERROR;
				GCC_WARN_UNDECLARED_SELECTOR = YES;
				GCC_WARN_UNINITIALIZED_AUTOS = YES_AGGRESSIVE;
				GCC_WARN_UNUSED_FUNCTION = YES;
				GCC_WARN_UNUSED_VARIABLE = YES;
				IPHONEOS_DEPLOYMENT_TARGET = 9.3;
				MTL_ENABLE_DEBUG_INFO = YES;
				ONLY_ACTIVE_ARCH = YES;
				SDKROOT = iphoneos;
				SWIFT_OPTIMIZATION_LEVEL = "-Onone";
			};
			name = Debug;
		};
		5F6865071CEE7E3F006497EE /* Release */ = {
			isa = XCBuildConfiguration;
			buildSettings = {
				ALWAYS_SEARCH_USER_PATHS = NO;
				CLANG_ANALYZER_NONNULL = YES;
				CLANG_CXX_LANGUAGE_STANDARD = "gnu++0x";
				CLANG_CXX_LIBRARY = "libc++";
				CLANG_ENABLE_MODULES = YES;
				CLANG_ENABLE_OBJC_ARC = YES;
				CLANG_WARN_BOOL_CONVERSION = YES;
				CLANG_WARN_CONSTANT_CONVERSION = YES;
				CLANG_WARN_DIRECT_OBJC_ISA_USAGE = YES_ERROR;
				CLANG_WARN_EMPTY_BODY = YES;
				CLANG_WARN_ENUM_CONVERSION = YES;
				CLANG_WARN_INT_CONVERSION = YES;
				CLANG_WARN_OBJC_ROOT_CLASS = YES_ERROR;
				CLANG_WARN_UNREACHABLE_CODE = YES;
				CLANG_WARN__DUPLICATE_METHOD_MATCH = YES;
				"CODE_SIGN_IDENTITY[sdk=iphoneos*]" = "iPhone Developer";
				COPY_PHASE_STRIP = NO;
				DEBUG_INFORMATION_FORMAT = "dwarf-with-dsym";
				ENABLE_NS_ASSERTIONS = NO;
				ENABLE_STRICT_OBJC_MSGSEND = YES;
				GCC_C_LANGUAGE_STANDARD = gnu99;
				GCC_NO_COMMON_BLOCKS = YES;
				GCC_WARN_64_TO_32_BIT_CONVERSION = YES;
				GCC_WARN_ABOUT_RETURN_TYPE = YES_ERROR;
				GCC_WARN_UNDECLARED_SELECTOR = YES;
				GCC_WARN_UNINITIALIZED_AUTOS = YES_AGGRESSIVE;
				GCC_WARN_UNUSED_FUNCTION = YES;
				GCC_WARN_UNUSED_VARIABLE = YES;
				IPHONEOS_DEPLOYMENT_TARGET = 9.3;
				MTL_ENABLE_DEBUG_INFO = NO;
				SDKROOT = iphoneos;
				VALIDATE_PRODUCT = YES;
			};
			name = Release;
		};
		5F6865091CEE7E3F006497EE /* Debug */ = {
			isa = XCBuildConfiguration;
			buildSettings = {
				ASSETCATALOG_COMPILER_APPICON_NAME = AppIcon;
				INFOPLIST_FILE = "Cool App/Info.plist";
				LD_RUNPATH_SEARCH_PATHS = "$(inherited) @executable_path/Frameworks";
				PRODUCT_BUNDLE_IDENTIFIER = "com.SergeApps.Cool-App";
				PRODUCT_NAME = "$(TARGET_NAME)";
			};
			name = Debug;
		};
		5F68650A1CEE7E3F006497EE /* Release */ = {
			isa = XCBuildConfiguration;
			buildSettings = {
				ASSETCATALOG_COMPILER_APPICON_NAME = AppIcon;
				INFOPLIST_FILE = "Cool App/Info.plist";
				LD_RUNPATH_SEARCH_PATHS = "$(inherited) @executable_path/Frameworks";
				PRODUCT_BUNDLE_IDENTIFIER = "com.SergeApps.Cool-App";
				PRODUCT_NAME = "$(TARGET_NAME)";
			};
			name = Release;
		};
/* End XCBuildConfiguration section */

/* Begin XCConfigurationList section */
		5F6864F11CEE7E3F006497EE /* Build configuration list for PBXProject "Cool App" */ = {
			isa = XCConfigurationList;
			buildConfigurations = (
				5F6865061CEE7E3F006497EE /* Debug */,
				5F6865071CEE7E3F006497EE /* Release */,
			);
			defaultConfigurationIsVisible = 0;
			defaultConfigurationName = Release;
		};
		5F6865081CEE7E3F006497EE /* Build configuration list for PBXNativeTarget "Cool App" */ = {
			isa = XCConfigurationList;
			buildConfigurations = (
				5F6865091CEE7E3F006497EE /* Debug */,
				5F68650A1CEE7E3F006497EE /* Release */,
			);
			defaultConfigurationIsVisible = 0;
		};
/* End XCConfigurationList section */
	};
	rootObject = 5F6864EE1CEE7E3F006497EE /* Project object */;
}
